
Microsoft Visual Studio Solution File, Format Version 12.00
# Visual Studio Version 17
VisualStudioVersion = 17.11.35303.130
MinimumVisualStudioVersion = 10.0.40219.1
Project("{888888A0-9F3D-457C-B088-3A5042F75D52}") = "Task Manager _ VER", "Task Manager _ VER\Task Manager _ VER.pyproj", "{A38ADF88-C6D6-47CC-B2AA-3B504CE7DBC4}"
EndProject
Global
	GlobalSection(SolutionConfigurationPlatforms) = preSolution
		Debug|Any CPU = Debug|Any CPU
		Release|Any CPU = Release|Any CPU
	EndGlobalSection
	GlobalSection(ProjectConfigurationPlatforms) = postSolution
		{A38ADF88-C6D6-47CC-B2AA-3B504CE7DBC4}.Debug|Any CPU.ActiveCfg = Debug|Any CPU
		{A38ADF88-C6D6-47CC-B2AA-3B504CE7DBC4}.Release|Any CPU.ActiveCfg = Release|Any CPU
	EndGlobalSection
	GlobalSection(SolutionProperties) = preSolution
		HideSolutionNode = FALSE
	EndGlobalSection
	GlobalSection(ExtensibilityGlobals) = postSolution
		SolutionGuid = {896CF102-7FFB-43CD-AB0B-4F14DE68B46E}
	EndGlobalSection
EndGlobal
